
Microsoft Visual Studio Solution File, Format Version 12.00
# Visual Studio 15
Project("{FAE04EC0-301F-11D3-BF4B-00C04F79EFBC}") = "UnityEngine.TestRunner", "UnityEngine.TestRunner.csproj", "{0A76026B-B101-7153-B354-9CE9D7A7239C}"
EndProject
Project("{FAE04EC0-301F-11D3-BF4B-00C04F79EFBC}") = "UnityEngine.UI", "UnityEngine.UI.csproj", "{B7AB3349-0C75-33E4-CF66-9B020A854B37}"
EndProject
Project("{FAE04EC0-301F-11D3-BF4B-00C04F79EFBC}") = "Unity.VisualScripting.Flow", "Unity.VisualScripting.Flow.csproj", "{48C307A4-6955-4687-BA49-148146A83DC1}"
EndProject
Project("{FAE04EC0-301F-11D3-BF4B-00C04F79EFBC}") = "Unity.Services.Core.Telemetry", "Unity.Services.Core.Telemetry.csproj", "{07CA8995-CEB3-8C69-13E9-82347C492B07}"
EndProject
Project("{FAE04EC0-301F-11D3-BF4B-00C04F79EFBC}") = "Unity.VisualScripting.State", "Unity.VisualScripting.State.csproj", "{F2B01B62-32B8-9355-C50E-06134DD7EA28}"
EndProject
Project("{FAE04EC0-301F-11D3-BF4B-00C04F79EFBC}") = "Unity.VisualScripting.Core", "Unity.VisualScripting.Core.csproj", "{9F5BB9AA-814E-9AAF-6BF1-AB50AAE5E144}"
EndProject
Project("{FAE04EC0-301F-11D3-BF4B-00C04F79EFBC}") = "Adobe.Substance", "Adobe.Substance.csproj", "{C33BD424-B492-C521-3666-3F354E607364}"
EndProject
Project("{FAE04EC0-301F-11D3-BF4B-00C04F79EFBC}") = "Prefabrikator", "Prefabrikator.csproj", "{99740196-EDD2-16E9-9C24-7BE20EC36D31}"
EndProject
Project("{FAE04EC0-301F-11D3-BF4B-00C04F79EFBC}") = "Unity.Services.Core.Environments", "Unity.Services.Core.Environments.csproj", "{7E6A47EE-600A-7D18-1A40-4E5CDE603D0D}"
EndProject
Project("{FAE04EC0-301F-11D3-BF4B-00C04F79EFBC}") = "Unity.Services.Core.Internal", "Unity.Services.Core.Internal.csproj", "{76ECD03A-1B1E-36A4-EB16-7B3891E2C396}"
EndProject
Project("{FAE04EC0-301F-11D3-BF4B-00C04F79EFBC}") = "Unity.Services.Core.Analytics", "Unity.Services.Core.Analytics.csproj", "{D731901D-5FA3-D0FD-3C70-AE9A6F5FF04D}"
EndProject
Project("{FAE04EC0-301F-11D3-BF4B-00C04F79EFBC}") = "Unity.Services.Core.Scheduler", "Unity.Services.Core.Scheduler.csproj", "{AD46A130-33B5-B021-BA1C-7DBFB25C9D01}"
EndProject
Project("{FAE04EC0-301F-11D3-BF4B-00C04F79EFBC}") = "Unity.Services.Core.Registration", "Unity.Services.Core.Registration.csproj", "{4701C6D2-1831-70B5-25E9-8737D72966C1}"
EndProject
Project("{FAE04EC0-301F-11D3-BF4B-00C04F79EFBC}") = "Unity.Services.Core.Device", "Unity.Services.Core.Device.csproj", "{6919AA84-1DB9-E588-C358-B0129AEC3802}"
EndProject
Project("{FAE04EC0-301F-11D3-BF4B-00C04F79EFBC}") = "Unity.Services.Core.Threading", "Unity.Services.Core.Threading.csproj", "{8E8CE4E0-52B0-B90A-4D60-B99B573C642B}"
EndProject
Project("{FAE04EC0-301F-11D3-BF4B-00C04F79EFBC}") = "Unity.Services.Core.Networking", "Unity.Services.Core.Networking.csproj", "{B5628406-F8B6-1CCD-74BB-3FC22276E14D}"
EndProject
Project("{FAE04EC0-301F-11D3-BF4B-00C04F79EFBC}") = "Unity.Services.Core", "Unity.Services.Core.csproj", "{D28BF5BC-C534-6411-D862-68AC9C70640D}"
EndProject
Project("{FAE04EC0-301F-11D3-BF4B-00C04F79EFBC}") = "Adobe.Substance.Runtime", "Adobe.Substance.Runtime.csproj", "{066AAA10-E334-5459-8420-2BD498D3E0FC}"
EndProject
Project("{FAE04EC0-301F-11D3-BF4B-00C04F79EFBC}") = "Assembly-CSharp", "Assembly-CSharp.csproj", "{34CF6211-3760-1726-EB97-CBA07E5C184B}"
EndProject
Project("{FAE04EC0-301F-11D3-BF4B-00C04F79EFBC}") = "Adobe.SubstanceEditor", "Adobe.SubstanceEditor.csproj", "{A7ED9298-7610-411B-7FD7-BEB9072DFF4E}"
EndProject
Project("{FAE04EC0-301F-11D3-BF4B-00C04F79EFBC}") = "Prefabrikator.Editor", "Prefabrikator.Editor.csproj", "{A25F25B1-E255-BA66-F12F-19332EEEAD52}"
EndProject
Global
	GlobalSection(SolutionConfigurationPlatforms) = preSolution
		Debug|Any CPU = Debug|Any CPU
		Release|Any CPU = Release|Any CPU
	EndGlobalSection
	GlobalSection(ProjectConfigurationPlatforms) = postSolution
		{0A76026B-B101-7153-B354-9CE9D7A7239C}.Debug|Any CPU.ActiveCfg = Debug|Any CPU
		{0A76026B-B101-7153-B354-9CE9D7A7239C}.Debug|Any CPU.Build.0 = Debug|Any CPU
		{0A76026B-B101-7153-B354-9CE9D7A7239C}.Release|Any CPU.ActiveCfg = Release|Any CPU
		{0A76026B-B101-7153-B354-9CE9D7A7239C}.Release|Any CPU.Build.0 = Release|Any CPU
		{B7AB3349-0C75-33E4-CF66-9B020A854B37}.Debug|Any CPU.ActiveCfg = Debug|Any CPU
		{B7AB3349-0C75-33E4-CF66-9B020A854B37}.Debug|Any CPU.Build.0 = Debug|Any CPU
		{B7AB3349-0C75-33E4-CF66-9B020A854B37}.Release|Any CPU.ActiveCfg = Release|Any CPU
		{B7AB3349-0C75-33E4-CF66-9B020A854B37}.Release|Any CPU.Build.0 = Release|Any CPU
		{48C307A4-6955-4687-BA49-148146A83DC1}.Debug|Any CPU.ActiveCfg = Debug|Any CPU
		{48C307A4-6955-4687-BA49-148146A83DC1}.Debug|Any CPU.Build.0 = Debug|Any CPU
		{48C307A4-6955-4687-BA49-148146A83DC1}.Release|Any CPU.ActiveCfg = Release|Any CPU
		{48C307A4-6955-4687-BA49-148146A83DC1}.Release|Any CPU.Build.0 = Release|Any CPU
		{07CA8995-CEB3-8C69-13E9-82347C492B07}.Debug|Any CPU.ActiveCfg = Debug|Any CPU
		{07CA8995-CEB3-8C69-13E9-82347C492B07}.Debug|Any CPU.Build.0 = Debug|Any CPU
		{07CA8995-CEB3-8C69-13E9-82347C492B07}.Release|Any CPU.ActiveCfg = Release|Any CPU
		{07CA8995-CEB3-8C69-13E9-82347C492B07}.Release|Any CPU.Build.0 = Release|Any CPU
		{F2B01B62-32B8-9355-C50E-06134DD7EA28}.Debug|Any CPU.ActiveCfg = Debug|Any CPU
		{F2B01B62-32B8-9355-C50E-06134DD7EA28}.Debug|Any CPU.Build.0 = Debug|Any CPU
		{F2B01B62-32B8-9355-C50E-06134DD7EA28}.Release|Any CPU.ActiveCfg = Release|Any CPU
		{F2B01B62-32B8-9355-C50E-06134DD7EA28}.Release|Any CPU.Build.0 = Release|Any CPU
		{9F5BB9AA-814E-9AAF-6BF1-AB50AAE5E144}.Debug|Any CPU.ActiveCfg = Debug|Any CPU
		{9F5BB9AA-814E-9AAF-6BF1-AB50AAE5E144}.Debug|Any CPU.Build.0 = Debug|Any CPU
		{9F5BB9AA-814E-9AAF-6BF1-AB50AAE5E144}.Release|Any CPU.ActiveCfg = Release|Any CPU
		{9F5BB9AA-814E-9AAF-6BF1-AB50AAE5E144}.Release|Any CPU.Build.0 = Release|Any CPU
		{C33BD424-B492-C521-3666-3F354E607364}.Debug|Any CPU.ActiveCfg = Debug|Any CPU
		{C33BD424-B492-C521-3666-3F354E607364}.Debug|Any CPU.Build.0 = Debug|Any CPU
		{C33BD424-B492-C521-3666-3F354E607364}.Release|Any CPU.ActiveCfg = Release|Any CPU
		{C33BD424-B492-C521-3666-3F354E607364}.Release|Any CPU.Build.0 = Release|Any CPU
		{99740196-EDD2-16E9-9C24-7BE20EC36D31}.Debug|Any CPU.ActiveCfg = Debug|Any CPU
		{99740196-EDD2-16E9-9C24-7BE20EC36D31}.Debug|Any CPU.Build.0 = Debug|Any CPU
		{99740196-EDD2-16E9-9C24-7BE20EC36D31}.Release|Any CPU.ActiveCfg = Release|Any CPU
		{99740196-EDD2-16E9-9C24-7BE20EC36D31}.Release|Any CPU.Build.0 = Release|Any CPU
		{066AAA10-E334-5459-8420-2BD498D3E0FC}.Debug|Any CPU.ActiveCfg = Debug|Any CPU
		{066AAA10-E334-5459-8420-2BD498D3E0FC}.Debug|Any CPU.Build.0 = Debug|Any CPU
		{066AAA10-E334-5459-8420-2BD498D3E0FC}.Release|Any CPU.ActiveCfg = Release|Any CPU
		{066AAA10-E334-5459-8420-2BD498D3E0FC}.Release|Any CPU.Build.0 = Release|Any CPU
		{34CF6211-3760-1726-EB97-CBA07E5C184B}.Debug|Any CPU.ActiveCfg = Debug|Any CPU
		{34CF6211-3760-1726-EB97-CBA07E5C184B}.Debug|Any CPU.Build.0 = Debug|Any CPU
		{34CF6211-3760-1726-EB97-CBA07E5C184B}.Release|Any CPU.ActiveCfg = Release|Any CPU
		{34CF6211-3760-1726-EB97-CBA07E5C184B}.Release|Any CPU.Build.0 = Release|Any CPU
		{A7ED9298-7610-411B-7FD7-BEB9072DFF4E}.Debug|Any CPU.ActiveCfg = Debug|Any CPU
		{A7ED9298-7610-411B-7FD7-BEB9072DFF4E}.Debug|Any CPU.Build.0 = Debug|Any CPU
		{A7ED9298-7610-411B-7FD7-BEB9072DFF4E}.Release|Any CPU.ActiveCfg = Release|Any CPU
		{A7ED9298-7610-411B-7FD7-BEB9072DFF4E}.Release|Any CPU.Build.0 = Release|Any CPU
		{A25F25B1-E255-BA66-F12F-19332EEEAD52}.Debug|Any CPU.ActiveCfg = Debug|Any CPU
		{A25F25B1-E255-BA66-F12F-19332EEEAD52}.Debug|Any CPU.Build.0 = Debug|Any CPU
		{A25F25B1-E255-BA66-F12F-19332EEEAD52}.Release|Any CPU.ActiveCfg = Release|Any CPU
		{A25F25B1-E255-BA66-F12F-19332EEEAD52}.Release|Any CPU.Build.0 = Release|Any CPU
	EndGlobalSection
	GlobalSection(SolutionProperties) = preSolution
		HideSolutionNode = FALSE
	EndGlobalSection
EndGlobal
